
Microsoft Visual Studio Solution File, Format Version 12.00
# Visual Studio Version 17
VisualStudioVersion = 17.4.33213.308
MinimumVisualStudioVersion = 10.0.40219.1
Project("{FAE04EC0-301F-11D3-BF4B-00C04F79EFBC}") = "P2_2020PG601_2020CT650", "P2_2020PG601_2020CT650\P2_2020PG601_2020CT650.csproj", "{31D605EE-D883-4452-A5BA-D8DB65E3D11E}"
EndProject
Global
	GlobalSection(SolutionConfigurationPlatforms) = preSolution
		Debug|Any CPU = Debug|Any CPU
		Release|Any CPU = Release|Any CPU
	EndGlobalSection
	GlobalSection(ProjectConfigurationPlatforms) = postSolution
		{31D605EE-D883-4452-A5BA-D8DB65E3D11E}.Debug|Any CPU.ActiveCfg = Debug|Any CPU
		{31D605EE-D883-4452-A5BA-D8DB65E3D11E}.Debug|Any CPU.Build.0 = Debug|Any CPU
		{31D605EE-D883-4452-A5BA-D8DB65E3D11E}.Release|Any CPU.ActiveCfg = Release|Any CPU
		{31D605EE-D883-4452-A5BA-D8DB65E3D11E}.Release|Any CPU.Build.0 = Release|Any CPU
	EndGlobalSection
	GlobalSection(SolutionProperties) = preSolution
		HideSolutionNode = FALSE
	EndGlobalSection
	GlobalSection(ExtensibilityGlobals) = postSolution
		SolutionGuid = {DAA76FD7-FEC3-48AF-9D5A-EA2C8896C4B0}
	EndGlobalSection
EndGlobal
